
Microsoft Visual Studio Solution File, Format Version 12.00
# Visual Studio 15
VisualStudioVersion = 15.0.28307.1972
MinimumVisualStudioVersion = 10.0.40219.1
Project("{E24C65DC-7377-472B-9ABA-BC803B73C61A}") = "html5temaprojesi", "html5temaprojesi\", "{DEE0192E-2EDE-4C80-9A47-2C02BF800B9B}"
	ProjectSection(WebsiteProperties) = preProject
		TargetFrameworkMoniker = ".NETFramework,Version%3Dv4.6.1"
		Debug.AspNetCompiler.VirtualPath = "/localhost_50779"
		Debug.AspNetCompiler.PhysicalPath = "html5temaprojesi\"
		Debug.AspNetCompiler.TargetPath = "PrecompiledWeb\localhost_50779\"
		Debug.AspNetCompiler.Updateable = "true"
		Debug.AspNetCompiler.ForceOverwrite = "true"
		Debug.AspNetCompiler.FixedNames = "false"
		Debug.AspNetCompiler.Debug = "True"
		Release.AspNetCompiler.VirtualPath = "/localhost_50779"
		Release.AspNetCompiler.PhysicalPath = "html5temaprojesi\"
		Release.AspNetCompiler.TargetPath = "PrecompiledWeb\localhost_50779\"
		Release.AspNetCompiler.Updateable = "true"
		Release.AspNetCompiler.ForceOverwrite = "true"
		Release.AspNetCompiler.FixedNames = "false"
		Release.AspNetCompiler.Debug = "False"
		VWDPort = "50779"
		SlnRelativePath = "html5temaprojesi\"
		DefaultWebSiteLanguage = "Visual C#"
	EndProjectSection
EndProject
Global
	GlobalSection(SolutionConfigurationPlatforms) = preSolution
		Debug|Any CPU = Debug|Any CPU
	EndGlobalSection
	GlobalSection(ProjectConfigurationPlatforms) = postSolution
		{DEE0192E-2EDE-4C80-9A47-2C02BF800B9B}.Debug|Any CPU.ActiveCfg = Debug|Any CPU
		{DEE0192E-2EDE-4C80-9A47-2C02BF800B9B}.Debug|Any CPU.Build.0 = Debug|Any CPU
	EndGlobalSection
	GlobalSection(SolutionProperties) = preSolution
		HideSolutionNode = FALSE
	EndGlobalSection
	GlobalSection(ExtensibilityGlobals) = postSolution
		SolutionGuid = {F94C2B86-21C7-4DCA-AC90-8DB58B10C1F8}
	EndGlobalSection
EndGlobal
